{
  "version": 4,
  "terraform_version": "1.15.5",
  "serial": 22,
  "lineage": "60e9b821-2d64-9189-c23d-efc30d462a42",
  "outputs": {},
  "resources": [
    {
      "mode": "managed",
      "type": "local_file",
      "name": "foo",
      "provider": "provider[\"registry.terraform.io/hashicorp/local\"]",
      "instances": [
        {
          "schema_version": 0,
          "attributes": {
            "content": "O valor que eu irei utilizar de máquina é NYC1",
            "content_base64": null,
            "content_base64sha256": "gxRZHe74AdnCCCATwC/5rHPd1HzGC2uXOqnqgNUsslE=",
            "content_base64sha512": "4RZNLqeKadjLgdHN2Fx1b/i0dpmSFudARkrBO9J5eKhk9+dJZsA3vmaWdRUx6oMpPdauYioxxdR/Hp1ZGjARbQ==",
            "content_md5": "c5bd66ac7708320c97efbe65024674ab",
            "content_sha1": "958be34716704f0d78c1e4e148d8937cae0b8378",
            "content_sha256": "8314591deef801d9c2082013c02ff9ac73ddd47cc60b6b973aa9ea80d52cb251",
            "content_sha512": "e1164d2ea78a69d8cb81d1cdd85c756ff8b476999216e740464ac13bd27978a864f7e74966c037be6696751531ea83293dd6ae622a31c5d47f1e9d591a30116d",
            "directory_permission": "0777",
            "file_permission": "0777",
            "filename": "./arquivo.txt",
            "id": "958be34716704f0d78c1e4e148d8937cae0b8378",
            "sensitive_content": null,
            "source": null
          },
          "sensitive_attributes": [
            [
              {
                "type": "get_attr",
                "value": "sensitive_content"
              }
            ]
          ],
          "identity_schema_version": 0
        }
      ]
    }
  ],
  "check_results": null
}
